// !$*UTF8*$!
{
	archiveVersion = 1;
	classes = {
	};
	objectVersion = 46;
	objects = {

/* Begin PBXBuildFile section */
		2EC488541F5F1B3A0086ED68 /* AppDelegate.swift in Sources */ = {isa = PBXBuildFile; fileRef = 2EC488531F5F1B3A0086ED68 /* AppDelegate.swift */; };
		2EC488561F5F1B3A0086ED68 /* ViewController.swift in Sources */ = {isa = PBXBuildFile; fileRef = 2EC488551F5F1B3A0086ED68 /* ViewController.swift */; };
		2EC488591F5F1B3A0086ED68 /* Main.storyboard in Resources */ = {isa = PBXBuildFile; fileRef = 2EC488571F5F1B3A0086ED68 /* Main.storyboard */; };
		2EC4885B1F5F1B3A0086ED68 /* Assets.xcassets in Resources */ = {isa = PBXBuildFile; fileRef = 2EC4885A1F5F1B3A0086ED68 /* Assets.xcassets */; };
		2EC4885E1F5F1B3A0086ED68 /* LaunchScreen.storyboard in Resources */ = {isa = PBXBuildFile; fileRef = 2EC4885C1F5F1B3A0086ED68 /* LaunchScreen.storyboard */; };
		2EC4886E1F5F1CD20086ED68 /* Artist.swift in Sources */ = {isa = PBXBuildFile; fileRef = 2EC4886D1F5F1CD20086ED68 /* Artist.swift */; };
		2EC488701F5F1D850086ED68 /* Genre.swift in Sources */ = {isa = PBXBuildFile; fileRef = 2EC4886F1F5F1D850086ED68 /* Genre.swift */; };
		2EC488721F5F1E2F0086ED68 /* Album.swift in Sources */ = {isa = PBXBuildFile; fileRef = 2EC488711F5F1E2F0086ED68 /* Album.swift */; };
		2EC488741F5F20A90086ED68 /* Song.swift in Sources */ = {isa = PBXBuildFile; fileRef = 2EC488731F5F20A90086ED68 /* Song.swift */; };
		2EC488761F5F23C40086ED68 /* Stub.swift in Sources */ = {isa = PBXBuildFile; fileRef = 2EC488751F5F23C40086ED68 /* Stub.swift */; };
/* End PBXBuildFile section */

/* Begin PBXFileReference section */
		2EC488501F5F1B3A0086ED68 /* iTunesSearchClient.app */ = {isa = PBXFileReference; explicitFileType = wrapper.application; includeInIndex = 0; path = iTunesSearchClient.app; sourceTree = BUILT_PRODUCTS_DIR; };
		2EC488531F5F1B3A0086ED68 /* AppDelegate.swift */ = {isa = PBXFileReference; lastKnownFileType = sourcecode.swift; path = AppDelegate.swift; sourceTree = "<group>"; };
		2EC488551F5F1B3A0086ED68 /* ViewController.swift */ = {isa = PBXFileReference; lastKnownFileType = sourcecode.swift; path = ViewController.swift; sourceTree = "<group>"; };
		2EC488581F5F1B3A0086ED68 /* Base */ = {isa = PBXFileReference; lastKnownFileType = file.storyboard; name = Base; path = Base.lproj/Main.storyboard; sourceTree = "<group>"; };
		2EC4885A1F5F1B3A0086ED68 /* Assets.xcassets */ = {isa = PBXFileReference; lastKnownFileType = folder.assetcatalog; path = Assets.xcassets; sourceTree = "<group>"; };
		2EC4885D1F5F1B3A0086ED68 /* Base */ = {isa = PBXFileReference; lastKnownFileType = file.storyboard; name = Base; path = Base.lproj/LaunchScreen.storyboard; sourceTree = "<group>"; };
		2EC4885F1F5F1B3A0086ED68 /* Info.plist */ = {isa = PBXFileReference; lastKnownFileType = text.plist.xml; path = Info.plist; sourceTree = "<group>"; };
		2EC4886D1F5F1CD20086ED68 /* Artist.swift */ = {isa = PBXFileReference; fileEncoding = 4; lastKnownFileType = sourcecode.swift; path = Artist.swift; sourceTree = "<group>"; };
		2EC4886F1F5F1D850086ED68 /* Genre.swift */ = {isa = PBXFileReference; fileEncoding = 4; lastKnownFileType = sourcecode.swift; path = Genre.swift; sourceTree = "<group>"; };
		2EC488711F5F1E2F0086ED68 /* Album.swift */ = {isa = PBXFileReference; fileEncoding = 4; lastKnownFileType = sourcecode.swift; path = Album.swift; sourceTree = "<group>"; };
		2EC488731F5F20A90086ED68 /* Song.swift */ = {isa = PBXFileReference; fileEncoding = 4; lastKnownFileType = sourcecode.swift; path = Song.swift; sourceTree = "<group>"; };
		2EC488751F5F23C40086ED68 /* Stub.swift */ = {isa = PBXFileReference; fileEncoding = 4; lastKnownFileType = sourcecode.swift; path = Stub.swift; sourceTree = "<group>"; };
/* End PBXFileReference section */

/* Begin PBXFrameworksBuildPhase section */
		2EC4884D1F5F1B3A0086ED68 /* Frameworks */ = {
			isa = PBXFrameworksBuildPhase;
			buildActionMask = 2147483647;
			files = (
			);
			runOnlyForDeploymentPostprocessing = 0;
		};
/* End PBXFrameworksBuildPhase section */

/* Begin PBXGroup section */
		2EC488471F5F1B3A0086ED68 = {
			isa = PBXGroup;
			children = (
				2EC488521F5F1B3A0086ED68 /* iTunesSearchClient */,
				2EC488511F5F1B3A0086ED68 /* Products */,
			);
			sourceTree = "<group>";
		};
		2EC488511F5F1B3A0086ED68 /* Products */ = {
			isa = PBXGroup;
			children = (
				2EC488501F5F1B3A0086ED68 /* iTunesSearchClient.app */,
			);
			name = Products;
			sourceTree = "<group>";
		};
		2EC488521F5F1B3A0086ED68 /* iTunesSearchClient */ = {
			isa = PBXGroup;
			children = (
				2EC488691F5F1C6E0086ED68 /* Constants */,
				2EC488651F5F1C220086ED68 /* Models */,
				2EC488661F5F1C2C0086ED68 /* Views */,
				2EC488671F5F1C420086ED68 /* View Controllers */,
				2EC4886B1F5F1C840086ED68 /* Delegates */,
				2EC488681F5F1C520086ED68 /* Extensions */,
				2EC4886A1F5F1C7A0086ED68 /* Networking */,
				2EC4886C1F5F1C930086ED68 /* Supporting Info */,
			);
			path = iTunesSearchClient;
			sourceTree = "<group>";
		};
		2EC488651F5F1C220086ED68 /* Models */ = {
			isa = PBXGroup;
			children = (
				2EC4886D1F5F1CD20086ED68 /* Artist.swift */,
				2EC4886F1F5F1D850086ED68 /* Genre.swift */,
				2EC488711F5F1E2F0086ED68 /* Album.swift */,
				2EC488731F5F20A90086ED68 /* Song.swift */,
				2EC488751F5F23C40086ED68 /* Stub.swift */,
			);
			name = Models;
			sourceTree = "<group>";
		};
		2EC488661F5F1C2C0086ED68 /* Views */ = {
			isa = PBXGroup;
			children = (
				2EC488571F5F1B3A0086ED68 /* Main.storyboard */,
				2EC4885C1F5F1B3A0086ED68 /* LaunchScreen.storyboard */,
			);
			name = Views;
			sourceTree = "<group>";
		};
		2EC488671F5F1C420086ED68 /* View Controllers */ = {
			isa = PBXGroup;
			children = (
				2EC488551F5F1B3A0086ED68 /* ViewController.swift */,
			);
			name = "View Controllers";
			sourceTree = "<group>";
		};
		2EC488681F5F1C520086ED68 /* Extensions */ = {
			isa = PBXGroup;
			children = (
			);
			name = Extensions;
			sourceTree = "<group>";
		};
		2EC488691F5F1C6E0086ED68 /* Constants */ = {
			isa = PBXGroup;
			children = (
			);
			name = Constants;
			sourceTree = "<group>";
		};
		2EC4886A1F5F1C7A0086ED68 /* Networking */ = {
			isa = PBXGroup;
			children = (
			);
			name = Networking;
			sourceTree = "<group>";
		};
		2EC4886B1F5F1C840086ED68 /* Delegates */ = {
			isa = PBXGroup;
			children = (
				2EC488531F5F1B3A0086ED68 /* AppDelegate.swift */,
			);
			name = Delegates;
			sourceTree = "<group>";
		};
		2EC4886C1F5F1C930086ED68 /* Supporting Info */ = {
			isa = PBXGroup;
			children = (
				2EC4885A1F5F1B3A0086ED68 /* Assets.xcassets */,
				2EC4885F1F5F1B3A0086ED68 /* Info.plist */,
			);
			name = "Supporting Info";
			sourceTree = "<group>";
		};
/* End PBXGroup section */

/* Begin PBXNativeTarget section */
		2EC4884F1F5F1B3A0086ED68 /* iTunesSearchClient */ = {
			isa = PBXNativeTarget;
			buildConfigurationList = 2EC488621F5F1B3A0086ED68 /* Build configuration list for PBXNativeTarget "iTunesSearchClient" */;
			buildPhases = (
				2EC4884C1F5F1B3A0086ED68 /* Sources */,
				2EC4884D1F5F1B3A0086ED68 /* Frameworks */,
				2EC4884E1F5F1B3A0086ED68 /* Resources */,
			);
			buildRules = (
			);
			dependencies = (
			);
			name = iTunesSearchClient;
			productName = iTunesSearchClient;
			productReference = 2EC488501F5F1B3A0086ED68 /* iTunesSearchClient.app */;
			productType = "com.apple.product-type.application";
		};
/* End PBXNativeTarget section */

/* Begin PBXProject section */
		2EC488481F5F1B3A0086ED68 /* Project object */ = {
			isa = PBXProject;
			attributes = {
				LastSwiftUpdateCheck = 0830;
				LastUpgradeCheck = 0830;
				ORGANIZATIONNAME = "David Anglin";
				TargetAttributes = {
					2EC4884F1F5F1B3A0086ED68 = {
						CreatedOnToolsVersion = 8.3.3;
						DevelopmentTeam = 98KAY253SB;
						ProvisioningStyle = Automatic;
					};
				};
			};
			buildConfigurationList = 2EC4884B1F5F1B3A0086ED68 /* Build configuration list for PBXProject "iTunesSearchClient" */;
			compatibilityVersion = "Xcode 3.2";
			developmentRegion = English;
			hasScannedForEncodings = 0;
			knownRegions = (
				en,
				Base,
			);
			mainGroup = 2EC488471F5F1B3A0086ED68;
			productRefGroup = 2EC488511F5F1B3A0086ED68 /* Products */;
			projectDirPath = "";
			projectRoot = "";
			targets = (
				2EC4884F1F5F1B3A0086ED68 /* iTunesSearchClient */,
			);
		};
/* End PBXProject section */

/* Begin PBXResourcesBuildPhase section */
		2EC4884E1F5F1B3A0086ED68 /* Resources */ = {
			isa = PBXResourcesBuildPhase;
			buildActionMask = 2147483647;
			files = (
				2EC4885E1F5F1B3A0086ED68 /* LaunchScreen.storyboard in Resources */,
				2EC4885B1F5F1B3A0086ED68 /* Assets.xcassets in Resources */,
				2EC488591F5F1B3A0086ED68 /* Main.storyboard in Resources */,
			);
			runOnlyForDeploymentPostprocessing = 0;
		};
/* End PBXResourcesBuildPhase section */

/* Begin PBXSourcesBuildPhase section */
		2EC4884C1F5F1B3A0086ED68 /* Sources */ = {
			isa = PBXSourcesBuildPhase;
			buildActionMask = 2147483647;
			files = (
				2EC488741F5F20A90086ED68 /* Song.swift in Sources */,
				2EC4886E1F5F1CD20086ED68 /* Artist.swift in Sources */,
				2EC488561F5F1B3A0086ED68 /* ViewController.swift in Sources */,
				2EC488541F5F1B3A0086ED68 /* AppDelegate.swift in Sources */,
				2EC488701F5F1D850086ED68 /* Genre.swift in Sources */,
				2EC488721F5F1E2F0086ED68 /* Album.swift in Sources */,
				2EC488761F5F23C40086ED68 /* Stub.swift in Sources */,
			);
			runOnlyForDeploymentPostprocessing = 0;
		};
/* End PBXSourcesBuildPhase section */

/* Begin PBXVariantGroup section */
		2EC488571F5F1B3A0086ED68 /* Main.storyboard */ = {
			isa = PBXVariantGroup;
			children = (
				2EC488581F5F1B3A0086ED68 /* Base */,
			);
			name = Main.storyboard;
			sourceTree = "<group>";
		};
		2EC4885C1F5F1B3A0086ED68 /* LaunchScreen.storyboard */ = {
			isa = PBXVariantGroup;
			children = (
				2EC4885D1F5F1B3A0086ED68 /* Base */,
			);
			name = LaunchScreen.storyboard;
			sourceTree = "<group>";
		};
/* End PBXVariantGroup section */

/* Begin XCBuildConfiguration section */
		2EC488601F5F1B3A0086ED68 /* Debug */ = {
			isa = XCBuildConfiguration;
			buildSettings = {
				ALWAYS_SEARCH_USER_PATHS = NO;
				CLANG_ANALYZER_NONNULL = YES;
				CLANG_ANALYZER_NUMBER_OBJECT_CONVERSION = YES_AGGRESSIVE;
				CLANG_CXX_LANGUAGE_STANDARD = "gnu++0x";
				CLANG_CXX_LIBRARY = "libc++";
				CLANG_ENABLE_MODULES = YES;
				CLANG_ENABLE_OBJC_ARC = YES;
				CLANG_WARN_BOOL_CONVERSION = YES;
				CLANG_WARN_CONSTANT_CONVERSION = YES;
				CLANG_WARN_DIRECT_OBJC_ISA_USAGE = YES_ERROR;
				CLANG_WARN_DOCUMENTATION_COMMENTS = YES;
				CLANG_WARN_EMPTY_BODY = YES;
				CLANG_WARN_ENUM_CONVERSION = YES;
				CLANG_WARN_INFINITE_RECURSION = YES;
				CLANG_WARN_INT_CONVERSION = YES;
				CLANG_WARN_OBJC_ROOT_CLASS = YES_ERROR;
				CLANG_WARN_SUSPICIOUS_MOVE = YES;
				CLANG_WARN_UNREACHABLE_CODE = YES;
				CLANG_WARN__DUPLICATE_METHOD_MATCH = YES;
				"CODE_SIGN_IDENTITY[sdk=iphoneos*]" = "iPhone Developer";
				COPY_PHASE_STRIP = NO;
				DEBUG_INFORMATION_FORMAT = dwarf;
				ENABLE_STRICT_OBJC_MSGSEND = YES;
				ENABLE_TESTABILITY = YES;
				GCC_C_LANGUAGE_STANDARD = gnu99;
				GCC_DYNAMIC_NO_PIC = NO;
				GCC_NO_COMMON_BLOCKS = YES;
				GCC_OPTIMIZATION_LEVEL = 0;
				GCC_PREPROCESSOR_DEFINITIONS = (
					"DEBUG=1",
					"$(inherited)",
				);
				GCC_WARN_64_TO_32_BIT_CONVERSION = YES;
				GCC_WARN_ABOUT_RETURN_TYPE = YES_ERROR;
				GCC_WARN_UNDECLARED_SELECTOR = YES;
				GCC_WARN_UNINITIALIZED_AUTOS = YES_AGGRESSIVE;
				GCC_WARN_UNUSED_FUNCTION = YES;
				GCC_WARN_UNUSED_VARIABLE = YES;
				IPHONEOS_DEPLOYMENT_TARGET = 10.3;
				MTL_ENABLE_DEBUG_INFO = YES;
				ONLY_ACTIVE_ARCH = YES;
				SDKROOT = iphoneos;
				SWIFT_ACTIVE_COMPILATION_CONDITIONS = DEBUG;
				SWIFT_OPTIMIZATION_LEVEL = "-Onone";
			};
			name = Debug;
		};
		2EC488611F5F1B3A0086ED68 /* Release */ = {
			isa = XCBuildConfiguration;
			buildSettings = {
				ALWAYS_SEARCH_USER_PATHS = NO;
				CLANG_ANALYZER_NONNULL = YES;
				CLANG_ANALYZER_NUMBER_OBJECT_CONVERSION = YES_AGGRESSIVE;
				CLANG_CXX_LANGUAGE_STANDARD = "gnu++0x";
				CLANG_CXX_LIBRARY = "libc++";
				CLANG_ENABLE_MODULES = YES;
				CLANG_ENABLE_OBJC_ARC = YES;
				CLANG_WARN_BOOL_CONVERSION = YES;
				CLANG_WARN_CONSTANT_CONVERSION = YES;
				CLANG_WARN_DIRECT_OBJC_ISA_USAGE = YES_ERROR;
				CLANG_WARN_DOCUMENTATION_COMMENTS = YES;
				CLANG_WARN_EMPTY_BODY = YES;
				CLANG_WARN_ENUM_CONVERSION = YES;
				CLANG_WARN_INFINITE_RECURSION = YES;
				CLANG_WARN_INT_CONVERSION = YES;
				CLANG_WARN_OBJC_ROOT_CLASS = YES_ERROR;
				CLANG_WARN_SUSPICIOUS_MOVE = YES;
				CLANG_WARN_UNREACHABLE_CODE = YES;
				CLANG_WARN__DUPLICATE_METHOD_MATCH = YES;
				"CODE_SIGN_IDENTITY[sdk=iphoneos*]" = "iPhone Developer";
				COPY_PHASE_STRIP = NO;
				DEBUG_INFORMATION_FORMAT = "dwarf-with-dsym";
				ENABLE_NS_ASSERTIONS = NO;
				ENABLE_STRICT_OBJC_MSGSEND = YES;
				GCC_C_LANGUAGE_STANDARD = gnu99;
				GCC_NO_COMMON_BLOCKS = YES;
				GCC_WARN_64_TO_32_BIT_CONVERSION = YES;
				GCC_WARN_ABOUT_RETURN_TYPE = YES_ERROR;
				GCC_WARN_UNDECLARED_SELECTOR = YES;
				GCC_WARN_UNINITIALIZED_AUTOS = YES_AGGRESSIVE;
				GCC_WARN_UNUSED_FUNCTION = YES;
				GCC_WARN_UNUSED_VARIABLE = YES;
				IPHONEOS_DEPLOYMENT_TARGET = 10.3;
				MTL_ENABLE_DEBUG_INFO = NO;
				SDKROOT = iphoneos;
				SWIFT_OPTIMIZATION_LEVEL = "-Owholemodule";
				VALIDATE_PRODUCT = YES;
			};
			name = Release;
		};
		2EC488631F5F1B3A0086ED68 /* Debug */ = {
			isa = XCBuildConfiguration;
			buildSettings = {
				ASSETCATALOG_COMPILER_APPICON_NAME = AppIcon;
				DEVELOPMENT_TEAM = 98KAY253SB;
				INFOPLIST_FILE = iTunesSearchClient/Info.plist;
				LD_RUNPATH_SEARCH_PATHS = "$(inherited) @executable_path/Frameworks";
				PRODUCT_BUNDLE_IDENTIFIER = com.davidanglin.iTunesSearchClient;
				PRODUCT_NAME = "$(TARGET_NAME)";
				SWIFT_VERSION = 3.0;
			};
			name = Debug;
		};
		2EC488641F5F1B3A0086ED68 /* Release */ = {
			isa = XCBuildConfiguration;
			buildSettings = {
				ASSETCATALOG_COMPILER_APPICON_NAME = AppIcon;
				DEVELOPMENT_TEAM = 98KAY253SB;
				INFOPLIST_FILE = iTunesSearchClient/Info.plist;
				LD_RUNPATH_SEARCH_PATHS = "$(inherited) @executable_path/Frameworks";
				PRODUCT_BUNDLE_IDENTIFIER = com.davidanglin.iTunesSearchClient;
				PRODUCT_NAME = "$(TARGET_NAME)";
				SWIFT_VERSION = 3.0;
			};
			name = Release;
		};
/* End XCBuildConfiguration section */

/* Begin XCConfigurationList section */
		2EC4884B1F5F1B3A0086ED68 /* Build configuration list for PBXProject "iTunesSearchClient" */ = {
			isa = XCConfigurationList;
			buildConfigurations = (
				2EC488601F5F1B3A0086ED68 /* Debug */,
				2EC488611F5F1B3A0086ED68 /* Release */,
			);
			defaultConfigurationIsVisible = 0;
			defaultConfigurationName = Release;
		};
		2EC488621F5F1B3A0086ED68 /* Build configuration list for PBXNativeTarget "iTunesSearchClient" */ = {
			isa = XCConfigurationList;
			buildConfigurations = (
				2EC488631F5F1B3A0086ED68 /* Debug */,
				2EC488641F5F1B3A0086ED68 /* Release */,
			);
			defaultConfigurationIsVisible = 0;
		};
/* End XCConfigurationList section */
	};
	rootObject = 2EC488481F5F1B3A0086ED68 /* Project object */;
}
